<?xml version="1.0" encoding="utf-8"?>
<Project ToolsVersion="4.0" xmlns="http://schemas.microsoft.com/developer/msbuild/2003">
  <ItemGroup>
    <Filter Include="External">
      <UniqueIdentifier>{67DA6AB6-F800-4c08-8B7A-83BB121AAD01}</UniqueIdentifier>
      <Extensions>rc;ico;cur;bmp;dlg;rc2;rct;bin;rgs;gif;jpg;jpeg;jpe;resx;tiff;tif;png;wav;mfcribbon-ms</Extensions>
    </Filter>
    <Filter Include="Source">
      <UniqueIdentifier>{4FC737F1-C7A5-4376-A066-2A32D752A2FF}</UniqueIdentifier>
      <Extensions>cpp;c;cc;cxx;def;odl;idl;hpj;bat;asm;asmx</Extensions>
    </Filter>
    <Filter Include="HLSL">
      <UniqueIdentifier>{9f64f4ff-d9e0-43d7-88e1-13e6d3656a89}</UniqueIdentifier>
      <Extensions>hlsl;hlsli</Extensions>
    </Filter>
    <Filter Include="External\imgui">
      <UniqueIdentifier>{c85446c9-90d2-4441-add5-5aac511d95ce}</UniqueIdentifier>
    </Filter>
    <Filter Include="External\DirectXTex">
      <UniqueIdentifier>{8dd0c8ba-1f1c-4648-8a04-c28bb5a1c75a}</UniqueIdentifier>
    </Filter>
    <Filter Include="Source\Graphics">
      <UniqueIdentifier>{2ac7cb79-cb10-43d1-856f-e51f0f698e73}</UniqueIdentifier>
    </Filter>
    <Filter Include="Source\System">
      <UniqueIdentifier>{9dcb018c-170d-45ca-92b7-446961fd5e1b}</UniqueIdentifier>
    </Filter>
    <Filter Include="Source\Debug">
      <UniqueIdentifier>{2cdb24f8-acba-4b48-812a-4eb9b4bbc590}</UniqueIdentifier>
    </Filter>
    <Filter Include="Source\System\ClassBase">
      <UniqueIdentifier>{b29adac1-2d83-416a-b92a-b8a3028dd894}</UniqueIdentifier>
    </Filter>
    <Filter Include="Source\Scene">
      <UniqueIdentifier>{ca6d74c2-93d3-4d60-8896-3b3611a6adf8}</UniqueIdentifier>
    </Filter>
    <Filter Include="Source\Model">
      <UniqueIdentifier>{0c85ee8f-02b8-425a-b475-37ec364eb53a}</UniqueIdentifier>
    </Filter>
    <Filter Include="Source\Camera">
      <UniqueIdentifier>{c0ab7f37-94f4-4e08-9a70-9fe6e877b34f}</UniqueIdentifier>
    </Filter>
    <Filter Include="Source\Debug\Renderer">
      <UniqueIdentifier>{7e27d001-8732-4576-897d-a731f2094d0f}</UniqueIdentifier>
    </Filter>
    <Filter Include="Source\input">
      <UniqueIdentifier>{5d9628b3-07f4-4e74-8cee-ea916ae1ee83}</UniqueIdentifier>
    </Filter>
    <Filter Include="Source\Component">
      <UniqueIdentifier>{58fe9b5d-6c4a-41a7-8d55-30c092977c88}</UniqueIdentifier>
    </Filter>
    <Filter Include="Source\Shader">
      <UniqueIdentifier>{ec1e92e4-5b32-41aa-b3ab-3ce215c1064e}</UniqueIdentifier>
    </Filter>
    <Filter Include="Source\Object">
      <UniqueIdentifier>{f0d7a6ae-ad7a-4d18-a0b6-46175f859f43}</UniqueIdentifier>
    </Filter>
    <Filter Include="Source\Collision">
      <UniqueIdentifier>{f3360c53-a631-4842-bf90-85d994706bcd}</UniqueIdentifier>
    </Filter>
    <Filter Include="Source\System\MyMath">
      <UniqueIdentifier>{0a394b2c-72c7-4757-bb89-7e97c3a25548}</UniqueIdentifier>
    </Filter>
    <Filter Include="Source\StateMachine">
      <UniqueIdentifier>{46b098cf-a99d-4969-8f5a-9a45d66b7f9f}</UniqueIdentifier>
    </Filter>
    <Filter Include="Source\Sprite">
      <UniqueIdentifier>{82cdaa05-2abd-4be1-8d30-aa759aeb0db9}</UniqueIdentifier>
    </Filter>
  </ItemGroup>
  <ItemGroup>
    <ClInclude Include="External\DirectXTex\WICTextureLoader.h">
      <Filter>External\DirectXTex</Filter>
    </ClInclude>
    <ClInclude Include="Source\System\HighResolutionTimer.h">
      <Filter>Source\System</Filter>
    </ClInclude>
    <ClInclude Include="Source\System\Logger.h">
      <Filter>Source\System</Filter>
    </ClInclude>
    <ClInclude Include="Source\System\Misc.h">
      <Filter>Source\System</Filter>
    </ClInclude>
    <ClInclude Include="Source\Scene\Scene.h">
      <Filter>Source\Scene</Filter>
    </ClInclude>
    <ClInclude Include="Source\Scene\SceneGame.h">
      <Filter>Source\Scene</Filter>
    </ClInclude>
    <ClInclude Include="Source\Scene\SceneLoading.h">
      <Filter>Source\Scene</Filter>
    </ClInclude>
    <ClInclude Include="Source\Scene\SceneManager.h">
      <Filter>Source\Scene</Filter>
    </ClInclude>
    <ClInclude Include="Source\Scene\SceneTitle.h">
      <Filter>Source\Scene</Filter>
    </ClInclude>
    <ClInclude Include="Source\Debug\DebugCereal.h">
      <Filter>Source\Debug</Filter>
    </ClInclude>
    <ClInclude Include="Source\System\ClassBase\CopyDisable.h">
      <Filter>Source\System\ClassBase</Filter>
    </ClInclude>
    <ClInclude Include="Source\System\ClassBase\Singleton.h">
      <Filter>Source\System\ClassBase</Filter>
    </ClInclude>
    <ClInclude Include="Source\Model\ModelResource.h">
      <Filter>Source\Model</Filter>
    </ClInclude>
    <ClInclude Include="Source\Graphics\RenderContext.h">
      <Filter>Source\Graphics</Filter>
    </ClInclude>
    <ClInclude Include="Source\Graphics\Graphics.h">
      <Filter>Source\Graphics</Filter>
    </ClInclude>
    <ClInclude Include="Source\Debug\ImGuiRenderer.h">
      <Filter>Source\Debug\Renderer</Filter>
    </ClInclude>
    <ClInclude Include="Source\Debug\DebugManager.h">
      <Filter>Source\Debug\Renderer</Filter>
    </ClInclude>
    <ClInclude Include="Source\Input\GamePad.h">
      <Filter>Source\input</Filter>
    </ClInclude>
    <ClInclude Include="Source\Input\Mouse.h">
      <Filter>Source\input</Filter>
    </ClInclude>
    <ClInclude Include="Source\Input\Input.h">
      <Filter>Source\input</Filter>
    </ClInclude>
    <ClInclude Include="Source\Model\ModelResourceManager.h">
      <Filter>Source\Model</Filter>
    </ClInclude>
    <ClInclude Include="Source\Component\Component.h">
      <Filter>Source\Component</Filter>
    </ClInclude>
    <ClInclude Include="Source\Scene\SceneDebug.h">
      <Filter>Source\Scene</Filter>
    </ClInclude>
    <ClInclude Include="Source\Component\InstancingModelComponent.h">
      <Filter>Source\Component</Filter>
    </ClInclude>
    <ClInclude Include="Source\Model\InstancingModelResource.h">
      <Filter>Source\Model</Filter>
    </ClInclude>
    <ClInclude Include="Source\Shader\InstanceModelShader.h">
      <Filter>Source\Shader</Filter>
    </ClInclude>
    <ClInclude Include="Source\Shader\Shader.h">
      <Filter>Source\Shader</Filter>
    </ClInclude>
    <ClInclude Include="Source\Model\InstancingModelResourceManager.h">
      <Filter>Source\Model</Filter>
    </ClInclude>
    <ClInclude Include="Source\Component\InstancingModelShaderComponent.h">
      <Filter>Source\Component</Filter>
    </ClInclude>
    <ClInclude Include="Source\Component\TransformComponent.h">
      <Filter>Source\Component</Filter>
    </ClInclude>
    <ClInclude Include="Source\Object\Object.h">
      <Filter>Source\Object</Filter>
    </ClInclude>
    <ClInclude Include="Source\Component\MovementComponent.h">
      <Filter>Source\Component</Filter>
    </ClInclude>
    <ClInclude Include="Source\Component\ModelComponent.h">
      <Filter>Source\Component</Filter>
    </ClInclude>
    <ClInclude Include="Source\Component\ModelShaderComponent.h">
      <Filter>Source\Component</Filter>
    </ClInclude>
    <ClInclude Include="Source\Shader\ModelShader.h">
      <Filter>Source\Shader</Filter>
    </ClInclude>
    <ClInclude Include="Source\Camera\CameraManager.h">
      <Filter>Source\Camera</Filter>
    </ClInclude>
    <ClInclude Include="Source\Component\CameraComponent.h">
      <Filter>Source\Component</Filter>
    </ClInclude>
    <ClInclude Include="Source\Component\PlayerComponent.h">
      <Filter>Source\Component</Filter>
    </ClInclude>
    <ClInclude Include="Source\Debug\ImGuiHelper.h">
      <Filter>Source\Debug</Filter>
    </ClInclude>
    <ClInclude Include="Source\System\Alias\OwnerAlias.h">
      <Filter>Source\System</Filter>
    </ClInclude>
    <ClInclude Include="Source\Model\ModelCommonData.h">
      <Filter>Source\Model</Filter>
    </ClInclude>
    <ClInclude Include="Source\Object\GameObject.h">
      <Filter>Source\Object</Filter>
    </ClInclude>
    <ClInclude Include="Source\Collision\Collision.h">
      <Filter>Source\Collision</Filter>
    </ClInclude>
    <ClInclude Include="Source\Component\ModelAnimationComponent.h">
      <Filter>Source\Component</Filter>
    </ClInclude>
    <ClInclude Include="Source\Component\GravityComponent.h">
      <Filter>Source\Component</Filter>
    </ClInclude>
    <ClInclude Include="Source\Debug\DebugPrimitiveRenderer.h">
      <Filter>Source\Debug\Renderer</Filter>
    </ClInclude>
    <ClInclude Include="Source\System\MyMath\MYVECTOR2.h">
      <Filter>Source\System\MyMath</Filter>
    </ClInclude>
    <ClInclude Include="Source\System\MyMath\MYVECTOR3.h">
      <Filter>Source\System\MyMath</Filter>
    </ClInclude>
    <ClInclude Include="Source\System\MyMath\MYMATRIX.h">
      <Filter>Source\System\MyMath</Filter>
    </ClInclude>
    <ClInclude Include="Source\System\MyMath\MYVECTOR4.h">
      <Filter>Source\System\MyMath</Filter>
    </ClInclude>
    <ClInclude Include="Source\Component\EnemyComponent.h">
      <Filter>Source\Component</Filter>
    </ClInclude>
    <ClInclude Include="Source\Component\StateMachineComponent.h">
      <Filter>Source\Component</Filter>
    </ClInclude>
    <ClInclude Include="Source\StateMachine\State.h">
      <Filter>Source\StateMachine</Filter>
    </ClInclude>
    <ClInclude Include="Source\StateMachine\StateDerived.h">
      <Filter>Source\StateMachine</Filter>
    </ClInclude>
    <ClInclude Include="Source\System\MyMath\MyMathf.h">
      <Filter>Source\System\MyMath</Filter>
    </ClInclude>
    <ClInclude Include="Source\StateMachine\TransitionJudgement.h">
      <Filter>Source\StateMachine</Filter>
    </ClInclude>
    <ClInclude Include="Source\StateMachine\TransitionJudgementDerived.h">
      <Filter>Source\StateMachine</Filter>
    </ClInclude>
    <ClInclude Include="Source\System\MyHash.h">
      <Filter>Source\System</Filter>
    </ClInclude>
    <ClInclude Include="Source\Framework.h">
      <Filter>Source</Filter>
    </ClInclude>
    <ClInclude Include="Source\Debug\DebugComponent.h">
      <Filter>Source\Debug</Filter>
    </ClInclude>
    <ClInclude Include="Source\Collision\CircleCollider.h">
      <Filter>Source\Collision</Filter>
    </ClInclude>
    <ClInclude Include="Source\Component\CircleCollisionComponent.h">
      <Filter>Source\Component</Filter>
    </ClInclude>
    <ClInclude Include="Source\ConstantManager.h">
      <Filter>Source</Filter>
    </ClInclude>
    <ClInclude Include="Source\Collision\CollisionParam.h">
      <Filter>Source\Collision</Filter>
    </ClInclude>
    <ClInclude Include="Source\Collision\CollisionManager.h">
      <Filter>Source\Collision</Filter>
    </ClInclude>
    <ClInclude Include="Source\System\GameData.h">
      <Filter>Source\System</Filter>
    </ClInclude>
    <ClInclude Include="Source\Component\CameraControllerComponent.h">
      <Filter>Source\Component</Filter>
    </ClInclude>
    <ClInclude Include="Source\Component\SpriteComponent.h">
      <Filter>Source\Component</Filter>
    </ClInclude>
    <ClInclude Include="Source\Shader\SpriteShader.h">
      <Filter>Source\Shader</Filter>
    </ClInclude>
    <ClInclude Include="Source\Sprite\Sprite.h">
      <Filter>Source\Sprite</Filter>
    </ClInclude>
    <ClInclude Include="Source\Scene\SceneResult.h">
      <Filter>Source\Scene</Filter>
    </ClInclude>
    <ClInclude Include="External\imgui\imconfig.h">
      <Filter>External\imgui</Filter>
    </ClInclude>
    <ClInclude Include="External\imgui\imgui.h">
      <Filter>External\imgui</Filter>
    </ClInclude>
    <ClInclude Include="External\imgui\imgui_impl_dx11.h">
      <Filter>External\imgui</Filter>
    </ClInclude>
    <ClInclude Include="External\imgui\imgui_impl_win32.h">
      <Filter>External\imgui</Filter>
    </ClInclude>
    <ClInclude Include="External\imgui\imgui_internal.h">
      <Filter>External\imgui</Filter>
    </ClInclude>
    <ClInclude Include="External\imgui\imstb_rectpack.h">
      <Filter>External\imgui</Filter>
    </ClInclude>
    <ClInclude Include="External\imgui\imstb_textedit.h">
      <Filter>External\imgui</Filter>
    </ClInclude>
    <ClInclude Include="External\imgui\imstb_truetype.h">
      <Filter>External\imgui</Filter>
    </ClInclude>
  </ItemGroup>
  <ItemGroup>
    <ClCompile Include="External\DirectXTex\WICTextureLoader.cpp">
      <Filter>External\DirectXTex</Filter>
    </ClCompile>
    <ClCompile Include="Source\System\Logger.cpp">
      <Filter>Source\System</Filter>
    </ClCompile>
    <ClCompile Include="Source\Scene\SceneGame.cpp">
      <Filter>Source\Scene</Filter>
    </ClCompile>
    <ClCompile Include="Source\Scene\SceneLoading.cpp">
      <Filter>Source\Scene</Filter>
    </ClCompile>
    <ClCompile Include="Source\Scene\SceneManager.cpp">
      <Filter>Source\Scene</Filter>
    </ClCompile>
    <ClCompile Include="Source\Scene\SceneTitle.cpp">
      <Filter>Source\Scene</Filter>
    </ClCompile>
    <ClCompile Include="Source\Debug\DebugCereal.cpp">
      <Filter>Source\Debug</Filter>
    </ClCompile>
    <ClCompile Include="Source\Model\ModelResource.cpp">
      <Filter>Source\Model</Filter>
    </ClCompile>
    <ClCompile Include="Source\Graphics\Graphics.cpp">
      <Filter>Source\Graphics</Filter>
    </ClCompile>
    <ClCompile Include="Source\Debug\ImGuiRenderer.cpp">
      <Filter>Source\Debug\Renderer</Filter>
    </ClCompile>
    <ClCompile Include="Source\Debug\DebugManager.cpp">
      <Filter>Source\Debug\Renderer</Filter>
    </ClCompile>
    <ClCompile Include="Source\Model\ModelResourceManager.cpp">
      <Filter>Source\Model</Filter>
    </ClCompile>
    <ClCompile Include="Source\Input\GamePad.cpp">
      <Filter>Source\input</Filter>
    </ClCompile>
    <ClCompile Include="Source\Input\Input.cpp">
      <Filter>Source\input</Filter>
    </ClCompile>
    <ClCompile Include="Source\Scene\SceneDebug.cpp">
      <Filter>Source\Scene</Filter>
    </ClCompile>
    <ClCompile Include="Source\Component\InstancingModelComponent.cpp">
      <Filter>Source\Component</Filter>
    </ClCompile>
    <ClCompile Include="Source\Model\InstancingModelResource.cpp">
      <Filter>Source\Model</Filter>
    </ClCompile>
    <ClCompile Include="Source\Shader\InstanceModelShader.cpp">
      <Filter>Source\Shader</Filter>
    </ClCompile>
    <ClCompile Include="Source\Model\InstancingModelResourceManager.cpp">
      <Filter>Source\Model</Filter>
    </ClCompile>
    <ClCompile Include="Source\Component\InstancingModelShaderComponent.cpp">
      <Filter>Source\Component</Filter>
    </ClCompile>
    <ClCompile Include="Source\Component\TransformComponent.cpp">
      <Filter>Source\Component</Filter>
    </ClCompile>
    <ClCompile Include="Source\Object\Object.cpp">
      <Filter>Source\Object</Filter>
    </ClCompile>
    <ClCompile Include="Source\Component\MovementComponent.cpp">
      <Filter>Source\Component</Filter>
    </ClCompile>
    <ClCompile Include="Source\Component\ModelShaderComponent.cpp">
      <Filter>Source\Component</Filter>
    </ClCompile>
    <ClCompile Include="Source\Component\ModelComponent.cpp">
      <Filter>Source\Component</Filter>
    </ClCompile>
    <ClCompile Include="Source\Shader\ModelShader.cpp">
      <Filter>Source\Shader</Filter>
    </ClCompile>
    <ClCompile Include="Source\Input\Mouse.cpp">
      <Filter>Source\input</Filter>
    </ClCompile>
    <ClCompile Include="Source\Camera\CameraManager.cpp">
      <Filter>Source\Camera</Filter>
    </ClCompile>
    <ClCompile Include="Source\Component\CameraComponent.cpp">
      <Filter>Source\Component</Filter>
    </ClCompile>
    <ClCompile Include="Source\Component\PlayerComponent.cpp">
      <Filter>Source\Component</Filter>
    </ClCompile>
    <ClCompile Include="Source\ConstantManager.cpp">
      <Filter>Source</Filter>
    </ClCompile>
    <ClCompile Include="Source\Component\ModelAnimationComponent.cpp">
      <Filter>Source\Component</Filter>
    </ClCompile>
    <ClCompile Include="Source\Component\GravityComponent.cpp">
      <Filter>Source\Component</Filter>
    </ClCompile>
    <ClCompile Include="Source\Object\GameObject.cpp">
      <Filter>Source\Object</Filter>
    </ClCompile>
    <ClCompile Include="Source\Debug\DebugPrimitiveRenderer.cpp">
      <Filter>Source\Debug\Renderer</Filter>
    </ClCompile>
    <ClCompile Include="Source\Collision\Collision.cpp">
      <Filter>Source\Collision</Filter>
    </ClCompile>
    <ClCompile Include="Source\Component\EnemyComponent.cpp">
      <Filter>Source\Component</Filter>
    </ClCompile>
    <ClCompile Include="Source\Component\StateMachineComponent.cpp">
      <Filter>Source\Component</Filter>
    </ClCompile>
    <ClCompile Include="Source\StateMachine\State.cpp">
      <Filter>Source\StateMachine</Filter>
    </ClCompile>
    <ClCompile Include="Source\StateMachine\StateDerived.cpp">
      <Filter>Source\StateMachine</Filter>
    </ClCompile>
    <ClCompile Include="Source\System\MyMath\MyMathf.cpp">
      <Filter>Source\System\MyMath</Filter>
    </ClCompile>
    <ClCompile Include="Source\StateMachine\TransitionJudgement.cpp">
      <Filter>Source\StateMachine</Filter>
    </ClCompile>
    <ClCompile Include="Source\StateMachine\TransitionJudgementDerived.cpp">
      <Filter>Source\StateMachine</Filter>
    </ClCompile>
    <ClCompile Include="Source\Framework.cpp">
      <Filter>Source</Filter>
    </ClCompile>
    <ClCompile Include="Source\Main.cpp">
      <Filter>Source</Filter>
    </ClCompile>
    <ClCompile Include="Source\Debug\DebugComponent.cpp">
      <Filter>Source\Debug</Filter>
    </ClCompile>
    <ClCompile Include="Source\Collision\CircleCollider.cpp">
      <Filter>Source\Collision</Filter>
    </ClCompile>
    <ClCompile Include="Source\Component\CircleCollisionComponent.cpp">
      <Filter>Source\Component</Filter>
    </ClCompile>
    <ClCompile Include="Source\Collision\CollisionManager.cpp">
      <Filter>Source\Collision</Filter>
    </ClCompile>
    <ClCompile Include="Source\Component\SpriteComponent.cpp">
      <Filter>Source\Component</Filter>
    </ClCompile>
    <ClCompile Include="Source\Shader\SpriteShader.cpp">
      <Filter>Source\Shader</Filter>
    </ClCompile>
    <ClCompile Include="Source\Sprite\Sprite.cpp">
      <Filter>Source\Sprite</Filter>
    </ClCompile>
    <ClCompile Include="Source\Component\CameraControllerComponent.cpp">
      <Filter>Source\Component</Filter>
    </ClCompile>
    <ClCompile Include="Source\Scene\SceneResult.cpp">
      <Filter>Source\Scene</Filter>
    </ClCompile>
    <ClCompile Include="External\imgui\imgui.cpp">
      <Filter>External\imgui</Filter>
    </ClCompile>
    <ClCompile Include="External\imgui\imgui_demo.cpp">
      <Filter>External\imgui</Filter>
    </ClCompile>
    <ClCompile Include="External\imgui\imgui_draw.cpp">
      <Filter>External\imgui</Filter>
    </ClCompile>
    <ClCompile Include="External\imgui\imgui_impl_dx11.cpp">
      <Filter>External\imgui</Filter>
    </ClCompile>
    <ClCompile Include="External\imgui\imgui_impl_win32.cpp">
      <Filter>External\imgui</Filter>
    </ClCompile>
    <ClCompile Include="External\imgui\imgui_ja_gryph_ranges.cpp">
      <Filter>External\imgui</Filter>
    </ClCompile>
    <ClCompile Include="External\imgui\imgui_widgets.cpp">
      <Filter>External\imgui</Filter>
    </ClCompile>
  </ItemGroup>
  <ItemGroup>
    <None Include="Hlsl\ImGui.hlsli">
      <Filter>HLSL</Filter>
    </None>
    <None Include="Hlsl\Temporary.hlsli">
      <Filter>HLSL</Filter>
    </None>
    <None Include="Hlsl\Instance.hlsli">
      <Filter>HLSL</Filter>
    </None>
    <None Include="Hlsl\Debug.hlsli">
      <Filter>HLSL</Filter>
    </None>
    <None Include="Hlsl\Sprite.hlsli">
      <Filter>HLSL</Filter>
    </None>
    <None Include="Hlsl\MatrixDecompose.hlsli">
      <Filter>HLSL</Filter>
    </None>
  </ItemGroup>
  <ItemGroup>
    <FxCompile Include="Hlsl\ImGuiPS.hlsl">
      <Filter>HLSL</Filter>
    </FxCompile>
    <FxCompile Include="Hlsl\ImGuiVS.hlsl">
      <Filter>HLSL</Filter>
    </FxCompile>
    <FxCompile Include="Hlsl\TemporaryPS.hlsl">
      <Filter>HLSL</Filter>
    </FxCompile>
    <FxCompile Include="Hlsl\TemporaryVS.hlsl">
      <Filter>HLSL</Filter>
    </FxCompile>
    <FxCompile Include="Hlsl\InstanceVS.hlsl">
      <Filter>HLSL</Filter>
    </FxCompile>
    <FxCompile Include="Hlsl\InstancePS.hlsl">
      <Filter>HLSL</Filter>
    </FxCompile>
    <FxCompile Include="Hlsl\DebugPS.hlsl">
      <Filter>HLSL</Filter>
    </FxCompile>
    <FxCompile Include="Hlsl\DebugVS.hlsl">
      <Filter>HLSL</Filter>
    </FxCompile>
    <FxCompile Include="Hlsl\SpritePS.hlsl">
      <Filter>HLSL</Filter>
    </FxCompile>
    <FxCompile Include="Hlsl\SpriteVS.hlsl">
      <Filter>HLSL</Filter>
    </FxCompile>
  </ItemGroup>
</Project>