<?xml version="1.0" encoding="utf-8"?>
<Project ToolsVersion="4.0" xmlns="http://schemas.microsoft.com/developer/msbuild/2003">
  <ItemGroup>
    <Filter Include="External">
      <UniqueIdentifier>{67DA6AB6-F800-4c08-8B7A-83BB121AAD01}</UniqueIdentifier>
      <Extensions>rc;ico;cur;bmp;dlg;rc2;rct;bin;rgs;gif;jpg;jpeg;jpe;resx;tiff;tif;png;wav;mfcribbon-ms</Extensions>
    </Filter>
    <Filter Include="Source">
      <UniqueIdentifier>{4FC737F1-C7A5-4376-A066-2A32D752A2FF}</UniqueIdentifier>
      <Extensions>cpp;c;cc;cxx;def;odl;idl;hpj;bat;asm;asmx</Extensions>
    </Filter>
    <Filter Include="HLSL">
      <UniqueIdentifier>{9f64f4ff-d9e0-43d7-88e1-13e6d3656a89}</UniqueIdentifier>
      <Extensions>hlsl;hlsli</Extensions>
    </Filter>
    <Filter Include="External\imgui">
      <UniqueIdentifier>{c85446c9-90d2-4441-add5-5aac511d95ce}</UniqueIdentifier>
    </Filter>
    <Filter Include="External\DirectXTex">
      <UniqueIdentifier>{8dd0c8ba-1f1c-4648-8a04-c28bb5a1c75a}</UniqueIdentifier>
    </Filter>
    <Filter Include="Source\System">
      <UniqueIdentifier>{9dcb018c-170d-45ca-92b7-446961fd5e1b}</UniqueIdentifier>
    </Filter>
    <Filter Include="Source\Debug">
      <UniqueIdentifier>{2cdb24f8-acba-4b48-812a-4eb9b4bbc590}</UniqueIdentifier>
    </Filter>
    <Filter Include="Source\System\ClassBase">
      <UniqueIdentifier>{b29adac1-2d83-416a-b92a-b8a3028dd894}</UniqueIdentifier>
    </Filter>
    <Filter Include="Source\Scene">
      <UniqueIdentifier>{ca6d74c2-93d3-4d60-8896-3b3611a6adf8}</UniqueIdentifier>
    </Filter>
    <Filter Include="Source\Model">
      <UniqueIdentifier>{0c85ee8f-02b8-425a-b475-37ec364eb53a}</UniqueIdentifier>
    </Filter>
    <Filter Include="Source\Camera">
      <UniqueIdentifier>{c0ab7f37-94f4-4e08-9a70-9fe6e877b34f}</UniqueIdentifier>
    </Filter>
    <Filter Include="Source\Debug\Renderer">
      <UniqueIdentifier>{7e27d001-8732-4576-897d-a731f2094d0f}</UniqueIdentifier>
    </Filter>
    <Filter Include="Source\input">
      <UniqueIdentifier>{5d9628b3-07f4-4e74-8cee-ea916ae1ee83}</UniqueIdentifier>
    </Filter>
    <Filter Include="Source\Component">
      <UniqueIdentifier>{58fe9b5d-6c4a-41a7-8d55-30c092977c88}</UniqueIdentifier>
    </Filter>
    <Filter Include="Source\Shader">
      <UniqueIdentifier>{ec1e92e4-5b32-41aa-b3ab-3ce215c1064e}</UniqueIdentifier>
    </Filter>
    <Filter Include="Source\Object">
      <UniqueIdentifier>{f0d7a6ae-ad7a-4d18-a0b6-46175f859f43}</UniqueIdentifier>
    </Filter>
    <Filter Include="Source\Collision">
      <UniqueIdentifier>{f3360c53-a631-4842-bf90-85d994706bcd}</UniqueIdentifier>
    </Filter>
    <Filter Include="Source\System\MyMath">
      <UniqueIdentifier>{0a394b2c-72c7-4757-bb89-7e97c3a25548}</UniqueIdentifier>
    </Filter>
    <Filter Include="Source\StateMachine">
      <UniqueIdentifier>{46b098cf-a99d-4969-8f5a-9a45d66b7f9f}</UniqueIdentifier>
    </Filter>
    <Filter Include="Source\Sprite">
      <UniqueIdentifier>{82cdaa05-2abd-4be1-8d30-aa759aeb0db9}</UniqueIdentifier>
    </Filter>
    <Filter Include="Source\Audio">
      <UniqueIdentifier>{31b811d9-ace3-49e5-b107-f4b9c1bb2ea1}</UniqueIdentifier>
    </Filter>
    <Filter Include="Source\Component\Camera">
      <UniqueIdentifier>{90e6e921-d95d-430d-8d2c-b615ead3d540}</UniqueIdentifier>
    </Filter>
    <Filter Include="Source\Component\Character">
      <UniqueIdentifier>{ac003f48-b1a1-428c-88bf-f00581718f41}</UniqueIdentifier>
    </Filter>
    <Filter Include="Source\Component\Collision">
      <UniqueIdentifier>{46c68ff4-65b9-40d9-bce0-f731b9fbbc51}</UniqueIdentifier>
    </Filter>
    <Filter Include="Source\Component\Enemy">
      <UniqueIdentifier>{411c35fd-f5a3-4527-864f-1f808d280628}</UniqueIdentifier>
    </Filter>
    <Filter Include="Source\Component\Gravity">
      <UniqueIdentifier>{43a1368b-7f7c-4390-bcb5-f2d8a0e8750c}</UniqueIdentifier>
    </Filter>
    <Filter Include="Source\Component\Model">
      <UniqueIdentifier>{6b393aeb-dcb3-4065-a67c-3422bc717030}</UniqueIdentifier>
    </Filter>
    <Filter Include="Source\Component\Shader">
      <UniqueIdentifier>{6bb80e3d-d809-4030-97bb-2198e0e4a097}</UniqueIdentifier>
    </Filter>
    <Filter Include="Source\Component\Model\Animation">
      <UniqueIdentifier>{dfce0b40-367d-4449-b903-6e8513c75fb2}</UniqueIdentifier>
    </Filter>
    <Filter Include="Source\Component\Movement">
      <UniqueIdentifier>{a862f07d-5a4d-4e81-971c-3d9947b2a033}</UniqueIdentifier>
    </Filter>
    <Filter Include="Source\Component\Player">
      <UniqueIdentifier>{0808af7c-7813-4b92-8faa-3ab3d917e570}</UniqueIdentifier>
    </Filter>
    <Filter Include="Source\Component\Sprite">
      <UniqueIdentifier>{daceb145-fb9e-4973-94f1-12c3cdaa5121}</UniqueIdentifier>
    </Filter>
    <Filter Include="Source\Component\StateMachine">
      <UniqueIdentifier>{a4b354ec-5abe-476f-8852-c8046700a207}</UniqueIdentifier>
    </Filter>
    <Filter Include="Source\Component\Transform">
      <UniqueIdentifier>{3705d6be-a4ec-4307-a30e-6ff4028b82da}</UniqueIdentifier>
    </Filter>
    <Filter Include="Source\Component\StateMachine\Legacy">
      <UniqueIdentifier>{9f6993a0-431f-47ac-b7a5-daa35789afac}</UniqueIdentifier>
    </Filter>
    <Filter Include="Source\StateMachine\Legacy">
      <UniqueIdentifier>{cfdec03e-914e-4650-9e32-cd43e26654e4}</UniqueIdentifier>
    </Filter>
    <Filter Include="Source\Texture">
      <UniqueIdentifier>{3ccba67f-6c98-45b0-b54c-37de7ef251ba}</UniqueIdentifier>
    </Filter>
    <Filter Include="HLSL\Debug">
      <UniqueIdentifier>{ea3063bd-8a59-4de3-b2d8-6d565a274740}</UniqueIdentifier>
    </Filter>
    <Filter Include="HLSL\GeometryParticle">
      <UniqueIdentifier>{a3013234-736f-4305-aeb3-469b80e131ae}</UniqueIdentifier>
    </Filter>
    <Filter Include="HLSL\Instance">
      <UniqueIdentifier>{5a90b2b6-9c68-44aa-9e98-24cf6c228845}</UniqueIdentifier>
    </Filter>
    <Filter Include="HLSL\Sprite">
      <UniqueIdentifier>{1787cac4-2479-494d-9b88-349645b76614}</UniqueIdentifier>
    </Filter>
    <Filter Include="HLSL\Temporary">
      <UniqueIdentifier>{2dfa8f07-0d81-4693-8db7-ac61c24e340a}</UniqueIdentifier>
    </Filter>
    <Filter Include="Source\Shader\InstanceModel">
      <UniqueIdentifier>{db53149d-35f2-4910-9888-ec1941eb02e0}</UniqueIdentifier>
    </Filter>
    <Filter Include="Source\Shader\Model">
      <UniqueIdentifier>{9cbf845a-77d7-402e-849a-562bd9c0aeec}</UniqueIdentifier>
    </Filter>
    <Filter Include="Source\Shader\Particle">
      <UniqueIdentifier>{211b9cb5-7417-466b-a211-071c11690192}</UniqueIdentifier>
    </Filter>
    <Filter Include="Source\Shader\Sprite">
      <UniqueIdentifier>{edd5686b-f3be-4bb7-b7a0-5a40af2f5c1a}</UniqueIdentifier>
    </Filter>
    <Filter Include="HLSL\SkyBox">
      <UniqueIdentifier>{59a9c379-17cf-4ece-98c8-928c26843b8c}</UniqueIdentifier>
    </Filter>
    <Filter Include="Source\Shader\SkyBox">
      <UniqueIdentifier>{65de1dea-6f3e-4110-a68f-ea942ad5f602}</UniqueIdentifier>
    </Filter>
    <Filter Include="HLSL\Debug\ImGui">
      <UniqueIdentifier>{8e363695-7ee0-4d1b-846d-5969427be6c8}</UniqueIdentifier>
    </Filter>
    <Filter Include="HLSL\Debug\Line">
      <UniqueIdentifier>{74ac8e20-2760-48e4-adbe-06ad14a151b3}</UniqueIdentifier>
    </Filter>
    <Filter Include="Source\Component\Debug">
      <UniqueIdentifier>{6b45700f-3237-48b6-8480-ae26a133b1da}</UniqueIdentifier>
    </Filter>
    <Filter Include="Source\Shader\Light">
      <UniqueIdentifier>{8f40ade9-b854-4d75-ae59-d5532c0b687a}</UniqueIdentifier>
    </Filter>
    <Filter Include="HLSL\Instance\Toon">
      <UniqueIdentifier>{6a496320-f32a-4b8f-9e87-9141f750f854}</UniqueIdentifier>
    </Filter>
    <Filter Include="Source\Shader\InstanceModel\Toon">
      <UniqueIdentifier>{ff2d8e65-d027-470a-b2ba-4f3184a2b1f8}</UniqueIdentifier>
    </Filter>
    <Filter Include="HLSL\Light">
      <UniqueIdentifier>{8961a7c9-eb0c-45fa-94fb-3453748b1c7a}</UniqueIdentifier>
    </Filter>
    <Filter Include="Source\Component\Shader\Instancing">
      <UniqueIdentifier>{79c9094f-f977-434b-98f8-e8bda4b372be}</UniqueIdentifier>
    </Filter>
    <Filter Include="Source\Component\Shader\Model">
      <UniqueIdentifier>{5f8179b1-de76-4b95-b7fd-dcc2b8f25ca8}</UniqueIdentifier>
    </Filter>
    <Filter Include="Source\Component\Shader\Instancing\Toon">
      <UniqueIdentifier>{2aded7fe-d01c-419c-ab20-8d51c2b649c7}</UniqueIdentifier>
    </Filter>
    <Filter Include="Source\StateMachine\Player">
      <UniqueIdentifier>{3a2c35c7-f681-4f27-aa4f-8e9957b369e4}</UniqueIdentifier>
    </Filter>
    <Filter Include="Source\StateMachine\LoadingIcon">
      <UniqueIdentifier>{812fa681-36aa-4795-a8b1-321316cd4751}</UniqueIdentifier>
    </Filter>
    <Filter Include="Source\Debug\Graphics">
      <UniqueIdentifier>{2ac7cb79-cb10-43d1-856f-e51f0f698e73}</UniqueIdentifier>
    </Filter>
    <Filter Include="Source\StateMachine\UI">
      <UniqueIdentifier>{b0abbb1b-b0b6-4055-a1bc-2457b22e4998}</UniqueIdentifier>
    </Filter>
    <Filter Include="Source\Object\Constant">
      <UniqueIdentifier>{cf47183a-e14f-41f7-ae39-329f44eef547}</UniqueIdentifier>
    </Filter>
    <Filter Include="Source\Object\Constant\Player">
      <UniqueIdentifier>{097c5bcc-1c75-4254-ad56-35fdabb47596}</UniqueIdentifier>
    </Filter>
    <Filter Include="Source\Object\Constant\Enemy">
      <UniqueIdentifier>{a22b5090-e3eb-4c64-a0b3-639e8e8393d3}</UniqueIdentifier>
    </Filter>
    <Filter Include="Source\Object\Constant\Stage">
      <UniqueIdentifier>{5d9820b5-b748-48a1-9156-6f76bedf40dc}</UniqueIdentifier>
    </Filter>
    <Filter Include="Source\Object\Constant\UIConstat">
      <UniqueIdentifier>{938c8ce1-00a3-4c6d-9125-0501f6e1772c}</UniqueIdentifier>
    </Filter>
  </ItemGroup>
  <ItemGroup>
    <ClInclude Include="External\DirectXTex\WICTextureLoader.h">
      <Filter>External\DirectXTex</Filter>
    </ClInclude>
    <ClInclude Include="Source\System\HighResolutionTimer.h">
      <Filter>Source\System</Filter>
    </ClInclude>
    <ClInclude Include="Source\System\Logger.h">
      <Filter>Source\System</Filter>
    </ClInclude>
    <ClInclude Include="Source\System\Misc.h">
      <Filter>Source\System</Filter>
    </ClInclude>
    <ClInclude Include="Source\Scene\Scene.h">
      <Filter>Source\Scene</Filter>
    </ClInclude>
    <ClInclude Include="Source\Scene\SceneGame.h">
      <Filter>Source\Scene</Filter>
    </ClInclude>
    <ClInclude Include="Source\Scene\SceneLoading.h">
      <Filter>Source\Scene</Filter>
    </ClInclude>
    <ClInclude Include="Source\Scene\SceneManager.h">
      <Filter>Source\Scene</Filter>
    </ClInclude>
    <ClInclude Include="Source\Scene\SceneTitle.h">
      <Filter>Source\Scene</Filter>
    </ClInclude>
    <ClInclude Include="Source\Debug\DebugCereal.h">
      <Filter>Source\Debug</Filter>
    </ClInclude>
    <ClInclude Include="Source\System\ClassBase\CopyDisable.h">
      <Filter>Source\System\ClassBase</Filter>
    </ClInclude>
    <ClInclude Include="Source\System\ClassBase\Singleton.h">
      <Filter>Source\System\ClassBase</Filter>
    </ClInclude>
    <ClInclude Include="Source\Model\ModelResource.h">
      <Filter>Source\Model</Filter>
    </ClInclude>
    <ClInclude Include="Source\Graphics\RenderContext.h">
      <Filter>Source\Debug\Graphics</Filter>
    </ClInclude>
    <ClInclude Include="Source\Graphics\Graphics.h">
      <Filter>Source\Debug\Graphics</Filter>
    </ClInclude>
    <ClInclude Include="Source\Debug\ImGuiRenderer.h">
      <Filter>Source\Debug\Renderer</Filter>
    </ClInclude>
    <ClInclude Include="Source\Debug\DebugManager.h">
      <Filter>Source\Debug\Renderer</Filter>
    </ClInclude>
    <ClInclude Include="Source\Input\GamePad.h">
      <Filter>Source\input</Filter>
    </ClInclude>
    <ClInclude Include="Source\Input\Mouse.h">
      <Filter>Source\input</Filter>
    </ClInclude>
    <ClInclude Include="Source\Input\Input.h">
      <Filter>Source\input</Filter>
    </ClInclude>
    <ClInclude Include="Source\Model\ModelResourceManager.h">
      <Filter>Source\Model</Filter>
    </ClInclude>
    <ClInclude Include="Source\Component\Component.h">
      <Filter>Source\Component</Filter>
    </ClInclude>
    <ClInclude Include="Source\Scene\SceneDebug.h">
      <Filter>Source\Scene</Filter>
    </ClInclude>
    <ClInclude Include="Source\Model\InstancingModelResource.h">
      <Filter>Source\Model</Filter>
    </ClInclude>
    <ClInclude Include="Source\Shader\Shader.h">
      <Filter>Source\Shader</Filter>
    </ClInclude>
    <ClInclude Include="Source\Model\InstancingModelResourceManager.h">
      <Filter>Source\Model</Filter>
    </ClInclude>
    <ClInclude Include="Source\Object\Object.h">
      <Filter>Source\Object</Filter>
    </ClInclude>
    <ClInclude Include="Source\Debug\ImGuiHelper.h">
      <Filter>Source\Debug</Filter>
    </ClInclude>
    <ClInclude Include="Source\System\Alias\OwnerAlias.h">
      <Filter>Source\System</Filter>
    </ClInclude>
    <ClInclude Include="Source\Model\ModelCommonData.h">
      <Filter>Source\Model</Filter>
    </ClInclude>
    <ClInclude Include="Source\Object\GameObject.h">
      <Filter>Source\Object</Filter>
    </ClInclude>
    <ClInclude Include="Source\Collision\Collision.h">
      <Filter>Source\Collision</Filter>
    </ClInclude>
    <ClInclude Include="Source\Debug\DebugPrimitiveRenderer.h">
      <Filter>Source\Debug\Renderer</Filter>
    </ClInclude>
    <ClInclude Include="Source\System\MyMath\MYVECTOR2.h">
      <Filter>Source\System\MyMath</Filter>
    </ClInclude>
    <ClInclude Include="Source\System\MyMath\MYVECTOR3.h">
      <Filter>Source\System\MyMath</Filter>
    </ClInclude>
    <ClInclude Include="Source\System\MyMath\MYMATRIX.h">
      <Filter>Source\System\MyMath</Filter>
    </ClInclude>
    <ClInclude Include="Source\System\MyMath\MYVECTOR4.h">
      <Filter>Source\System\MyMath</Filter>
    </ClInclude>
    <ClInclude Include="Source\System\MyMath\MyMathf.h">
      <Filter>Source\System\MyMath</Filter>
    </ClInclude>
    <ClInclude Include="Source\System\MyHash.h">
      <Filter>Source\System</Filter>
    </ClInclude>
    <ClInclude Include="Source\Framework.h">
      <Filter>Source</Filter>
    </ClInclude>
    <ClInclude Include="Source\Debug\DebugComponent.h">
      <Filter>Source\Debug</Filter>
    </ClInclude>
    <ClInclude Include="Source\ConstantManager.h">
      <Filter>Source</Filter>
    </ClInclude>
    <ClInclude Include="Source\Collision\CollisionParam.h">
      <Filter>Source\Collision</Filter>
    </ClInclude>
    <ClInclude Include="Source\System\GameData.h">
      <Filter>Source\System</Filter>
    </ClInclude>
    <ClInclude Include="Source\Sprite\Sprite.h">
      <Filter>Source\Sprite</Filter>
    </ClInclude>
    <ClInclude Include="Source\Scene\SceneResult.h">
      <Filter>Source\Scene</Filter>
    </ClInclude>
    <ClInclude Include="Source\Audio\Audio.h">
      <Filter>Source\Audio</Filter>
    </ClInclude>
    <ClInclude Include="Source\Audio\AudioResource.h">
      <Filter>Source\Audio</Filter>
    </ClInclude>
    <ClInclude Include="Source\Audio\AudioSource.h">
      <Filter>Source\Audio</Filter>
    </ClInclude>
    <ClInclude Include="External\imgui\imconfig.h">
      <Filter>External\imgui</Filter>
    </ClInclude>
    <ClInclude Include="External\imgui\imgui.h">
      <Filter>External\imgui</Filter>
    </ClInclude>
    <ClInclude Include="External\imgui\imgui_impl_dx11.h">
      <Filter>External\imgui</Filter>
    </ClInclude>
    <ClInclude Include="External\imgui\imgui_impl_win32.h">
      <Filter>External\imgui</Filter>
    </ClInclude>
    <ClInclude Include="External\imgui\imgui_internal.h">
      <Filter>External\imgui</Filter>
    </ClInclude>
    <ClInclude Include="External\imgui\imstb_rectpack.h">
      <Filter>External\imgui</Filter>
    </ClInclude>
    <ClInclude Include="External\imgui\imstb_textedit.h">
      <Filter>External\imgui</Filter>
    </ClInclude>
    <ClInclude Include="External\imgui\imstb_truetype.h">
      <Filter>External\imgui</Filter>
    </ClInclude>
    <ClInclude Include="Source\Audio\AudioParam.h">
      <Filter>Source\Audio</Filter>
    </ClInclude>
    <ClInclude Include="Source\Audio\AudioResourceManager.h">
      <Filter>Source\Audio</Filter>
    </ClInclude>
    <ClInclude Include="Source\Camera\CameraManager.h">
      <Filter>Source\Camera</Filter>
    </ClInclude>
    <ClInclude Include="Source\Camera\CameraParam.h">
      <Filter>Source\Camera</Filter>
    </ClInclude>
    <ClInclude Include="Source\Component\CameraComponent.h">
      <Filter>Source\Component\Camera</Filter>
    </ClInclude>
    <ClInclude Include="Source\Component\CameraControllerComponent.h">
      <Filter>Source\Component\Camera</Filter>
    </ClInclude>
    <ClInclude Include="Source\Component\CharacterComponent.h">
      <Filter>Source\Component\Character</Filter>
    </ClInclude>
    <ClInclude Include="Source\Component\CircleCollisionComponent.h">
      <Filter>Source\Component\Collision</Filter>
    </ClInclude>
    <ClInclude Include="Source\Component\EnemyComponent.h">
      <Filter>Source\Component\Enemy</Filter>
    </ClInclude>
    <ClInclude Include="Source\Component\GravityComponent.h">
      <Filter>Source\Component\Gravity</Filter>
    </ClInclude>
    <ClInclude Include="Source\Component\InstancedModelWithStateAnimationComponent.h">
      <Filter>Source\Component\Model</Filter>
    </ClInclude>
    <ClInclude Include="Source\Component\ModelAnimationComponent.h">
      <Filter>Source\Component\Model\Animation</Filter>
    </ClInclude>
    <ClInclude Include="Source\Component\ModelComponent.h">
      <Filter>Source\Component\Model</Filter>
    </ClInclude>
    <ClInclude Include="Source\Component\MovementComponent.h">
      <Filter>Source\Component\Movement</Filter>
    </ClInclude>
    <ClInclude Include="Source\Component\PlayerComponent.h">
      <Filter>Source\Component\Player</Filter>
    </ClInclude>
    <ClInclude Include="Source\Component\SpriteComponent.h">
      <Filter>Source\Component\Sprite</Filter>
    </ClInclude>
    <ClInclude Include="Source\Component\TransformComponent.h">
      <Filter>Source\Component\Transform</Filter>
    </ClInclude>
    <ClInclude Include="Source\Component\LegacyStateMachineComponent.h">
      <Filter>Source\Component\StateMachine\Legacy</Filter>
    </ClInclude>
    <ClInclude Include="Source\StateMachine\LegacyTransitionJudgementDerived.h">
      <Filter>Source\StateMachine\Legacy</Filter>
    </ClInclude>
    <ClInclude Include="Source\StateMachine\LegacyState.h">
      <Filter>Source\StateMachine\Legacy</Filter>
    </ClInclude>
    <ClInclude Include="Source\StateMachine\LegacyStateDerived.h">
      <Filter>Source\StateMachine\Legacy</Filter>
    </ClInclude>
    <ClInclude Include="Source\StateMachine\LegacyTransitionJudgement.h">
      <Filter>Source\StateMachine\Legacy</Filter>
    </ClInclude>
    <ClInclude Include="Source\Component\StateMachineComponent.h">
      <Filter>Source\Component\StateMachine</Filter>
    </ClInclude>
    <ClInclude Include="Source\StateMachine\StateBase.h">
      <Filter>Source\StateMachine</Filter>
    </ClInclude>
    <ClInclude Include="Source\Component\ModelAnimationControlComponent.h">
      <Filter>Source\Component\Model\Animation</Filter>
    </ClInclude>
    <ClInclude Include="Source\Collision\CircleCollisionManager.h">
      <Filter>Source\Collision</Filter>
    </ClInclude>
    <ClInclude Include="Source\Component\InstancedModelWithAnimationComponent.h">
      <Filter>Source\Component\Model</Filter>
    </ClInclude>
    <ClInclude Include="Source\Texture\Texture.h">
      <Filter>Source\Texture</Filter>
    </ClInclude>
    <ClInclude Include="Source\Shader\ShaderLoader.h">
      <Filter>Source\Shader</Filter>
    </ClInclude>
    <ClInclude Include="Source\Shader\InstanceModelShader.h">
      <Filter>Source\Shader\InstanceModel</Filter>
    </ClInclude>
    <ClInclude Include="Source\Shader\ModelShader.h">
      <Filter>Source\Shader\Model</Filter>
    </ClInclude>
    <ClInclude Include="Source\Shader\ParticleSystem.h">
      <Filter>Source\Shader\Particle</Filter>
    </ClInclude>
    <ClInclude Include="Source\Shader\SpriteShader.h">
      <Filter>Source\Shader\Sprite</Filter>
    </ClInclude>
    <ClInclude Include="Source\System\MySequenceVector.h">
      <Filter>Source\System</Filter>
    </ClInclude>
    <ClInclude Include="Hlsl\ParticleDisp.h">
      <Filter>HLSL\GeometryParticle</Filter>
    </ClInclude>
    <ClInclude Include="Source\Shader\SkyBox.h">
      <Filter>Source\Shader\SkyBox</Filter>
    </ClInclude>
    <ClInclude Include="Source\Debug\LineRenderer.h">
      <Filter>Source\Debug\Renderer</Filter>
    </ClInclude>
    <ClInclude Include="Source\Component\DebugParticle.h">
      <Filter>Source\Component\Debug</Filter>
    </ClInclude>
    <ClInclude Include="Source\Shader\LightManager.h">
      <Filter>Source\Shader\Light</Filter>
    </ClInclude>
    <ClInclude Include="Source\Shader\InstanceModelToonShader.h">
      <Filter>Source\Shader\InstanceModel\Toon</Filter>
    </ClInclude>
    <ClInclude Include="Source\Model\InstancingConstants.h">
      <Filter>Source\Model</Filter>
    </ClInclude>
    <ClInclude Include="Source\Shader\LightParam.h">
      <Filter>Source\Shader\Light</Filter>
    </ClInclude>
    <ClInclude Include="Source\Component\InstancingModelShaderComponent.h">
      <Filter>Source\Component\Shader\Instancing</Filter>
    </ClInclude>
    <ClInclude Include="Source\Component\ModelShaderComponent.h">
      <Filter>Source\Component\Shader\Model</Filter>
    </ClInclude>
    <ClInclude Include="Source\Component\InstancingModelToonShaderComponent.h">
      <Filter>Source\Component\Shader\Instancing\Toon</Filter>
    </ClInclude>
    <ClInclude Include="Source\Component\Transform2DComponent.h">
      <Filter>Source\Component\Transform</Filter>
    </ClInclude>
    <ClInclude Include="Source\StateMachine\PlayerStateDerived.h">
      <Filter>Source\StateMachine\Player</Filter>
    </ClInclude>
    <ClInclude Include="Source\StateMachine\LoadingIconStateDerived.h">
      <Filter>Source\StateMachine\LoadingIcon</Filter>
    </ClInclude>
    <ClInclude Include="Source\Component\TextNumberComponent.h">
      <Filter>Source\Component\Sprite</Filter>
    </ClInclude>
    <ClInclude Include="Source\Component\BaseSpriteComponent.h">
      <Filter>Source\Component\Sprite</Filter>
    </ClInclude>
    <ClInclude Include="Source\StateMachine\UIStateDerived.h">
      <Filter>Source\StateMachine\UI</Filter>
    </ClInclude>
    <ClInclude Include="Source\Object\Constant\PlayerConstant.h">
      <Filter>Source\Object\Constant\Player</Filter>
    </ClInclude>
    <ClInclude Include="Source\Object\Constant\EnemyConstant.h">
      <Filter>Source\Object\Constant\Enemy</Filter>
    </ClInclude>
    <ClInclude Include="Source\Object\Constant\StageConstant.h">
      <Filter>Source\Object\Constant\Stage</Filter>
    </ClInclude>
    <ClInclude Include="Source\Object\Constant\UIConstant.h">
      <Filter>Source\Object\Constant\UIConstat</Filter>
    </ClInclude>
  </ItemGroup>
  <ItemGroup>
    <ClCompile Include="External\DirectXTex\WICTextureLoader.cpp">
      <Filter>External\DirectXTex</Filter>
    </ClCompile>
    <ClCompile Include="Source\System\Logger.cpp">
      <Filter>Source\System</Filter>
    </ClCompile>
    <ClCompile Include="Source\Scene\SceneGame.cpp">
      <Filter>Source\Scene</Filter>
    </ClCompile>
    <ClCompile Include="Source\Scene\SceneLoading.cpp">
      <Filter>Source\Scene</Filter>
    </ClCompile>
    <ClCompile Include="Source\Scene\SceneManager.cpp">
      <Filter>Source\Scene</Filter>
    </ClCompile>
    <ClCompile Include="Source\Scene\SceneTitle.cpp">
      <Filter>Source\Scene</Filter>
    </ClCompile>
    <ClCompile Include="Source\Debug\DebugCereal.cpp">
      <Filter>Source\Debug</Filter>
    </ClCompile>
    <ClCompile Include="Source\Model\ModelResource.cpp">
      <Filter>Source\Model</Filter>
    </ClCompile>
    <ClCompile Include="Source\Graphics\Graphics.cpp">
      <Filter>Source\Debug\Graphics</Filter>
    </ClCompile>
    <ClCompile Include="Source\Debug\ImGuiRenderer.cpp">
      <Filter>Source\Debug\Renderer</Filter>
    </ClCompile>
    <ClCompile Include="Source\Debug\DebugManager.cpp">
      <Filter>Source\Debug\Renderer</Filter>
    </ClCompile>
    <ClCompile Include="Source\Model\ModelResourceManager.cpp">
      <Filter>Source\Model</Filter>
    </ClCompile>
    <ClCompile Include="Source\Input\GamePad.cpp">
      <Filter>Source\input</Filter>
    </ClCompile>
    <ClCompile Include="Source\Input\Input.cpp">
      <Filter>Source\input</Filter>
    </ClCompile>
    <ClCompile Include="Source\Scene\SceneDebug.cpp">
      <Filter>Source\Scene</Filter>
    </ClCompile>
    <ClCompile Include="Source\Model\InstancingModelResource.cpp">
      <Filter>Source\Model</Filter>
    </ClCompile>
    <ClCompile Include="Source\Model\InstancingModelResourceManager.cpp">
      <Filter>Source\Model</Filter>
    </ClCompile>
    <ClCompile Include="Source\Object\Object.cpp">
      <Filter>Source\Object</Filter>
    </ClCompile>
    <ClCompile Include="Source\Input\Mouse.cpp">
      <Filter>Source\input</Filter>
    </ClCompile>
    <ClCompile Include="Source\ConstantManager.cpp">
      <Filter>Source</Filter>
    </ClCompile>
    <ClCompile Include="Source\Object\GameObject.cpp">
      <Filter>Source\Object</Filter>
    </ClCompile>
    <ClCompile Include="Source\Debug\DebugPrimitiveRenderer.cpp">
      <Filter>Source\Debug\Renderer</Filter>
    </ClCompile>
    <ClCompile Include="Source\Collision\Collision.cpp">
      <Filter>Source\Collision</Filter>
    </ClCompile>
    <ClCompile Include="Source\System\MyMath\MyMathf.cpp">
      <Filter>Source\System\MyMath</Filter>
    </ClCompile>
    <ClCompile Include="Source\Framework.cpp">
      <Filter>Source</Filter>
    </ClCompile>
    <ClCompile Include="Source\Main.cpp">
      <Filter>Source</Filter>
    </ClCompile>
    <ClCompile Include="Source\Debug\DebugComponent.cpp">
      <Filter>Source\Debug</Filter>
    </ClCompile>
    <ClCompile Include="Source\Sprite\Sprite.cpp">
      <Filter>Source\Sprite</Filter>
    </ClCompile>
    <ClCompile Include="Source\Scene\SceneResult.cpp">
      <Filter>Source\Scene</Filter>
    </ClCompile>
    <ClCompile Include="Source\Audio\Audio.cpp">
      <Filter>Source\Audio</Filter>
    </ClCompile>
    <ClCompile Include="Source\Audio\AudioResource.cpp">
      <Filter>Source\Audio</Filter>
    </ClCompile>
    <ClCompile Include="Source\Audio\AudioSource.cpp">
      <Filter>Source\Audio</Filter>
    </ClCompile>
    <ClCompile Include="External\imgui\imgui.cpp">
      <Filter>External\imgui</Filter>
    </ClCompile>
    <ClCompile Include="External\imgui\imgui_demo.cpp">
      <Filter>External\imgui</Filter>
    </ClCompile>
    <ClCompile Include="External\imgui\imgui_draw.cpp">
      <Filter>External\imgui</Filter>
    </ClCompile>
    <ClCompile Include="External\imgui\imgui_impl_dx11.cpp">
      <Filter>External\imgui</Filter>
    </ClCompile>
    <ClCompile Include="External\imgui\imgui_impl_win32.cpp">
      <Filter>External\imgui</Filter>
    </ClCompile>
    <ClCompile Include="External\imgui\imgui_ja_gryph_ranges.cpp">
      <Filter>External\imgui</Filter>
    </ClCompile>
    <ClCompile Include="External\imgui\imgui_widgets.cpp">
      <Filter>External\imgui</Filter>
    </ClCompile>
    <ClCompile Include="Source\Audio\AudioResourceManager.cpp">
      <Filter>Source\Audio</Filter>
    </ClCompile>
    <ClCompile Include="Source\System\GameData.cpp">
      <Filter>Source\System</Filter>
    </ClCompile>
    <ClCompile Include="Source\Camera\CameraManager.cpp">
      <Filter>Source\Camera</Filter>
    </ClCompile>
    <ClCompile Include="Source\Component\CameraComponent.cpp">
      <Filter>Source\Component\Camera</Filter>
    </ClCompile>
    <ClCompile Include="Source\Component\CameraControllerComponent.cpp">
      <Filter>Source\Component\Camera</Filter>
    </ClCompile>
    <ClCompile Include="Source\Component\CharacterComponent.cpp">
      <Filter>Source\Component\Character</Filter>
    </ClCompile>
    <ClCompile Include="Source\Component\CircleCollisionComponent.cpp">
      <Filter>Source\Component\Collision</Filter>
    </ClCompile>
    <ClCompile Include="Source\Component\EnemyComponent.cpp">
      <Filter>Source\Component\Enemy</Filter>
    </ClCompile>
    <ClCompile Include="Source\Component\GravityComponent.cpp">
      <Filter>Source\Component\Gravity</Filter>
    </ClCompile>
    <ClCompile Include="Source\Component\InstancedModelWithStateAnimationComponent.cpp">
      <Filter>Source\Component\Model</Filter>
    </ClCompile>
    <ClCompile Include="Source\Component\ModelAnimationComponent.cpp">
      <Filter>Source\Component\Model\Animation</Filter>
    </ClCompile>
    <ClCompile Include="Source\Component\ModelComponent.cpp">
      <Filter>Source\Component\Model</Filter>
    </ClCompile>
    <ClCompile Include="Source\Component\MovementComponent.cpp">
      <Filter>Source\Component\Movement</Filter>
    </ClCompile>
    <ClCompile Include="Source\Component\PlayerComponent.cpp">
      <Filter>Source\Component\Player</Filter>
    </ClCompile>
    <ClCompile Include="Source\Component\SpriteComponent.cpp">
      <Filter>Source\Component\Sprite</Filter>
    </ClCompile>
    <ClCompile Include="Source\Component\TransformComponent.cpp">
      <Filter>Source\Component\Transform</Filter>
    </ClCompile>
    <ClCompile Include="Source\Component\LegacyStateMachineComponent.cpp">
      <Filter>Source\Component\StateMachine\Legacy</Filter>
    </ClCompile>
    <ClCompile Include="Source\StateMachine\LegacyState.cpp">
      <Filter>Source\StateMachine\Legacy</Filter>
    </ClCompile>
    <ClCompile Include="Source\StateMachine\LegacyStateDerived.cpp">
      <Filter>Source\StateMachine\Legacy</Filter>
    </ClCompile>
    <ClCompile Include="Source\StateMachine\LegacyTransitionJudgement.cpp">
      <Filter>Source\StateMachine\Legacy</Filter>
    </ClCompile>
    <ClCompile Include="Source\StateMachine\LegacyTransitionJudgementDerived.cpp">
      <Filter>Source\StateMachine\Legacy</Filter>
    </ClCompile>
    <ClCompile Include="Source\Component\StateMachineComponent.cpp">
      <Filter>Source\Component\StateMachine</Filter>
    </ClCompile>
    <ClCompile Include="Source\Component\ModelAnimationControlComponent.cpp">
      <Filter>Source\Component\Model\Animation</Filter>
    </ClCompile>
    <ClCompile Include="Source\Collision\CircleCollisionManager.cpp">
      <Filter>Source\Collision</Filter>
    </ClCompile>
    <ClCompile Include="Source\Component\InstancedModelWithAnimationComponent.cpp">
      <Filter>Source\Component\Model</Filter>
    </ClCompile>
    <ClCompile Include="Source\Texture\Texture.cpp">
      <Filter>Source\Texture</Filter>
    </ClCompile>
    <ClCompile Include="Source\Shader\ShaderLoader.cpp">
      <Filter>Source\Shader</Filter>
    </ClCompile>
    <ClCompile Include="Source\Shader\InstanceModelShader.cpp">
      <Filter>Source\Shader\InstanceModel</Filter>
    </ClCompile>
    <ClCompile Include="Source\Shader\ModelShader.cpp">
      <Filter>Source\Shader\Model</Filter>
    </ClCompile>
    <ClCompile Include="Source\Shader\ParticleSystem.cpp">
      <Filter>Source\Shader\Particle</Filter>
    </ClCompile>
    <ClCompile Include="Source\Shader\SpriteShader.cpp">
      <Filter>Source\Shader\Sprite</Filter>
    </ClCompile>
    <ClCompile Include="Source\Shader\SkyBox.cpp">
      <Filter>Source\Shader\SkyBox</Filter>
    </ClCompile>
    <ClCompile Include="Source\Debug\LineRenderer.cpp">
      <Filter>Source\Debug\Renderer</Filter>
    </ClCompile>
    <ClCompile Include="Source\Component\DebugParticle.cpp">
      <Filter>Source\Component\Debug</Filter>
    </ClCompile>
    <ClCompile Include="Source\Shader\LightManager.cpp">
      <Filter>Source\Shader\Light</Filter>
    </ClCompile>
    <ClCompile Include="Source\Shader\InstanceModelToonShader.cpp">
      <Filter>Source\Shader\InstanceModel\Toon</Filter>
    </ClCompile>
    <ClCompile Include="Source\Component\InstancingModelShaderComponent.cpp">
      <Filter>Source\Component\Shader\Instancing</Filter>
    </ClCompile>
    <ClCompile Include="Source\Component\ModelShaderComponent.cpp">
      <Filter>Source\Component\Shader\Model</Filter>
    </ClCompile>
    <ClCompile Include="Source\Component\InstancingModelToonShaderComponent.cpp">
      <Filter>Source\Component\Shader\Instancing\Toon</Filter>
    </ClCompile>
    <ClCompile Include="Source\Component\Transform2DComponent.cpp">
      <Filter>Source\Component\Transform</Filter>
    </ClCompile>
    <ClCompile Include="Source\StateMachine\PlayerStateDerived.cpp">
      <Filter>Source\StateMachine\Player</Filter>
    </ClCompile>
    <ClCompile Include="Source\StateMachine\LoadingIconStateDerived.cpp">
      <Filter>Source\StateMachine\LoadingIcon</Filter>
    </ClCompile>
    <ClCompile Include="Source\Component\TextNumberComponent.cpp">
      <Filter>Source\Component\Sprite</Filter>
    </ClCompile>
    <ClCompile Include="Source\StateMachine\UIStateDerived.cpp">
      <Filter>Source\StateMachine\UI</Filter>
    </ClCompile>
    <ClCompile Include="Source\Object\Constant\PlayerConstant.cpp">
      <Filter>Source\Object\Constant\Player</Filter>
    </ClCompile>
    <ClCompile Include="Source\Object\Constant\EnemyConstant.cpp">
      <Filter>Source\Object\Constant\Enemy</Filter>
    </ClCompile>
    <ClCompile Include="Source\Object\Constant\StageConstant.cpp">
      <Filter>Source\Object\Constant\Stage</Filter>
    </ClCompile>
    <ClCompile Include="Source\Object\Constant\UIConstant.cpp">
      <Filter>Source\Object\Constant\UIConstat</Filter>
    </ClCompile>
    <ClCompile Include="Source\Component\BaseSpriteComponent.cpp">
      <Filter>Source</Filter>
    </ClCompile>
  </ItemGroup>
  <ItemGroup>
    <None Include="Hlsl\MatrixDecompose.hlsli">
      <Filter>HLSL</Filter>
    </None>
    <None Include="Hlsl\Debug.hlsli">
      <Filter>HLSL\Debug</Filter>
    </None>
    <None Include="Hlsl\GeometryParticle.hlsli">
      <Filter>HLSL\GeometryParticle</Filter>
    </None>
    <None Include="Hlsl\ImGui.hlsli">
      <Filter>HLSL\Debug\ImGui</Filter>
    </None>
    <None Include="Hlsl\Instance.hlsli">
      <Filter>HLSL\Instance</Filter>
    </None>
    <None Include="Hlsl\Sprite.hlsli">
      <Filter>HLSL\Sprite</Filter>
    </None>
    <None Include="Hlsl\Temporary.hlsli">
      <Filter>HLSL\Temporary</Filter>
    </None>
    <None Include="Hlsl\EasingFunctions.hlsli">
      <Filter>HLSL</Filter>
    </None>
    <None Include="Hlsl\SkyBox.hlsli">
      <Filter>HLSL\SkyBox</Filter>
    </None>
    <None Include="Hlsl\Line.hlsli">
      <Filter>HLSL\Debug\Line</Filter>
    </None>
    <None Include="Hlsl\InstanceToon.hlsli">
      <Filter>HLSL\Instance\Toon</Filter>
    </None>
    <None Include="Hlsl\Lights.hlsli">
      <Filter>HLSL\Light</Filter>
    </None>
  </ItemGroup>
  <ItemGroup>
    <FxCompile Include="Hlsl\DebugVS.hlsl">
      <Filter>HLSL\Debug</Filter>
    </FxCompile>
    <FxCompile Include="Hlsl\DebugPS.hlsl">
      <Filter>HLSL\Debug</Filter>
    </FxCompile>
    <FxCompile Include="Hlsl\GeometryParticle_vs.hlsl">
      <Filter>HLSL\GeometryParticle</Filter>
    </FxCompile>
    <FxCompile Include="Hlsl\GeometryParticle_gs.hlsl">
      <Filter>HLSL\GeometryParticle</Filter>
    </FxCompile>
    <FxCompile Include="Hlsl\GeometryParticle_ps.hlsl">
      <Filter>HLSL\GeometryParticle</Filter>
    </FxCompile>
    <FxCompile Include="Hlsl\ImGuiPS.hlsl">
      <Filter>HLSL\Debug\ImGui</Filter>
    </FxCompile>
    <FxCompile Include="Hlsl\ImGuiVS.hlsl">
      <Filter>HLSL\Debug\ImGui</Filter>
    </FxCompile>
    <FxCompile Include="Hlsl\InstanceVS.hlsl">
      <Filter>HLSL\Instance</Filter>
    </FxCompile>
    <FxCompile Include="Hlsl\InstancePS.hlsl">
      <Filter>HLSL\Instance</Filter>
    </FxCompile>
    <FxCompile Include="Hlsl\SpritePS.hlsl">
      <Filter>HLSL\Sprite</Filter>
    </FxCompile>
    <FxCompile Include="Hlsl\SpriteVS.hlsl">
      <Filter>HLSL\Sprite</Filter>
    </FxCompile>
    <FxCompile Include="Hlsl\TemporaryVS.hlsl">
      <Filter>HLSL\Temporary</Filter>
    </FxCompile>
    <FxCompile Include="Hlsl\TemporaryPS.hlsl">
      <Filter>HLSL\Temporary</Filter>
    </FxCompile>
    <FxCompile Include="Hlsl\GeometryParticle_cs.hlsl">
      <Filter>HLSL\GeometryParticle</Filter>
    </FxCompile>
    <FxCompile Include="Hlsl\SkyBoxPS.hlsl">
      <Filter>HLSL\SkyBox</Filter>
    </FxCompile>
    <FxCompile Include="Hlsl\SkyBoxVS.hlsl">
      <Filter>HLSL\SkyBox</Filter>
    </FxCompile>
    <FxCompile Include="Hlsl\LinePS.hlsl">
      <Filter>HLSL\Debug\Line</Filter>
    </FxCompile>
    <FxCompile Include="Hlsl\LineVS.hlsl">
      <Filter>HLSL\Debug\Line</Filter>
    </FxCompile>
    <FxCompile Include="Hlsl\InstanceToonPS.hlsl">
      <Filter>HLSL\Instance\Toon</Filter>
    </FxCompile>
    <FxCompile Include="Hlsl\InstanceToonVS.hlsl">
      <Filter>HLSL\Instance\Toon</Filter>
    </FxCompile>
  </ItemGroup>
</Project>